
Microsoft Visual Studio Solution File, Format Version 12.00
# Visual Studio Version 17
VisualStudioVersion = 17.5.002.0
MinimumVisualStudioVersion = 10.0.40219.1
Project("{9A19103F-16F7-4668-BE54-9A1E7A4F7556}") = "ManagingModelBinding", "ManagingModelBinding.csproj", "{B87A7D0F-4FF3-499E-A8C4-7BE10CBFFCAF}"
EndProject
Global
	GlobalSection(SolutionConfigurationPlatforms) = preSolution
		Debug|Any CPU = Debug|Any CPU
		Release|Any CPU = Release|Any CPU
	EndGlobalSection
	GlobalSection(ProjectConfigurationPlatforms) = postSolution
		{B87A7D0F-4FF3-499E-A8C4-7BE10CBFFCAF}.Debug|Any CPU.ActiveCfg = Debug|Any CPU
		{B87A7D0F-4FF3-499E-A8C4-7BE10CBFFCAF}.Debug|Any CPU.Build.0 = Debug|Any CPU
		{B87A7D0F-4FF3-499E-A8C4-7BE10CBFFCAF}.Release|Any CPU.ActiveCfg = Release|Any CPU
		{B87A7D0F-4FF3-499E-A8C4-7BE10CBFFCAF}.Release|Any CPU.Build.0 = Release|Any CPU
	EndGlobalSection
	GlobalSection(SolutionProperties) = preSolution
		HideSolutionNode = FALSE
	EndGlobalSection
	GlobalSection(ExtensibilityGlobals) = postSolution
		SolutionGuid = {9FB35496-C20E-4E5F-A549-1DDE60166DB9}
	EndGlobalSection
EndGlobal
