
Microsoft Visual Studio Solution File, Format Version 12.00
# Visual Studio Version 17
VisualStudioVersion = 17.5.002.0
MinimumVisualStudioVersion = 10.0.40219.1
Project("{9A19103F-16F7-4668-BE54-9A1E7A4F7556}") = "CreateAttributesValidation", "CreateAttributesValidation.csproj", "{4603F2DB-0217-45FF-AA0F-8E99DC63FB12}"
EndProject
Global
	GlobalSection(SolutionConfigurationPlatforms) = preSolution
		Debug|Any CPU = Debug|Any CPU
		Release|Any CPU = Release|Any CPU
	EndGlobalSection
	GlobalSection(ProjectConfigurationPlatforms) = postSolution
		{4603F2DB-0217-45FF-AA0F-8E99DC63FB12}.Debug|Any CPU.ActiveCfg = Debug|Any CPU
		{4603F2DB-0217-45FF-AA0F-8E99DC63FB12}.Debug|Any CPU.Build.0 = Debug|Any CPU
		{4603F2DB-0217-45FF-AA0F-8E99DC63FB12}.Release|Any CPU.ActiveCfg = Release|Any CPU
		{4603F2DB-0217-45FF-AA0F-8E99DC63FB12}.Release|Any CPU.Build.0 = Release|Any CPU
	EndGlobalSection
	GlobalSection(SolutionProperties) = preSolution
		HideSolutionNode = FALSE
	EndGlobalSection
	GlobalSection(ExtensibilityGlobals) = postSolution
		SolutionGuid = {2FA8752C-D281-4F1E-AE0F-9E643266AECD}
	EndGlobalSection
EndGlobal
